{
    "_readme": [
        "This file locks the dependencies of your project to a known state",
        "Read more about it at https://getcomposer.org/doc/01-basic-usage.md#composer-lock-the-lock-file",
        "This file is @generated automatically"
    ],
    "hash": "e1fc2a4f2cce6fa182494ecd5beb6846",
    "content-hash": "fd07c0bf5d00c23137ff1d8ca4c53839",
    "packages": [],
    "packages-dev": [
        {
            "name": "hamcrest/hamcrest-php",
            "version": "v1.2.2",
            "source": {
                "type": "git",
                "url": "https://github.com/hamcrest/hamcrest-php.git",
                "reference": "b37020aa976fa52d3de9aa904aa2522dc518f79c"
            },
            "dist": {
                "type": "tar",
                "url": "http://devrepo.shd.ci.nonprod.dvsa.aws/dist/hamcrest-hamcrest-php-b37020aa976fa52d3de9aa904aa2522dc518f79c-zip-2bc6c0.tar",
                "reference": "b37020aa976fa52d3de9aa904aa2522dc518f79c",
                "shasum": "c3e66895d7ec4bb63e10b70b6120fe1951a1231e"
            },
            "require": {
                "php": ">=5.3.2"
            },
            "replace": {
                "cordoval/hamcrest-php": "*",
                "davedevelopment/hamcrest-php": "*",
                "kodova/hamcrest-php": "*"
            },
            "require-dev": {
                "phpunit/php-file-iterator": "1.3.3",
                "satooshi/php-coveralls": "dev-master"
            },
            "type": "library",
            "autoload": {
                "classmap": [
                    "hamcrest"
                ],
                "files": [
                    "hamcrest/Hamcrest.php"
                ]
            },
            "notification-url": "https://packagist.org/downloads/",
            "license": [
                "BSD"
            ],
            "description": "This is the PHP port of Hamcrest Matchers",
            "keywords": [
                "test"
            ],
            "time": "2015-05-11 14:41:42"
        },
        {
            "name": "mockery/mockery",
            "version": "0.9.9",
            "source": {
                "type": "git",
                "url": "https://github.com/mockery/mockery.git",
                "reference": "6fdb61243844dc924071d3404bb23994ea0b6856"
            },
            "dist": {
                "type": "tar",
                "url": "http://devrepo.shd.ci.nonprod.dvsa.aws/dist/mockery-mockery-6fdb61243844dc924071d3404bb23994ea0b6856-zip-fc289d.tar",
                "reference": "6fdb61243844dc924071d3404bb23994ea0b6856",
                "shasum": "8c767c4f647b3f9a2f306f745dc51aa13ffd4f29"
            },
            "require": {
                "hamcrest/hamcrest-php": "~1.1",
                "lib-pcre": ">=7.0",
                "php": ">=5.3.2"
            },
            "require-dev": {
                "phpunit/phpunit": "~4.0"
            },
            "type": "library",
            "extra": {
                "branch-alias": {
                    "dev-master": "0.9.x-dev"
                }
            },
            "autoload": {
                "psr-0": {
                    "Mockery": "library/"
                }
            },
            "notification-url": "https://packagist.org/downloads/",
            "license": [
                "BSD-3-Clause"
            ],
            "authors": [
                {
                    "name": "Pádraic Brady",
                    "email": "padraic.brady@gmail.com",
                    "homepage": "http://blog.astrumfutura.com"
                },
                {
                    "name": "Dave Marshall",
                    "email": "dave.marshall@atstsolutions.co.uk",
                    "homepage": "http://davedevelopment.co.uk"
                }
            ],
            "description": "Mockery is a simple yet flexible PHP mock object framework for use in unit testing with PHPUnit, PHPSpec or any other testing framework. Its core goal is to offer a test double framework with a succinct API capable of clearly defining all possible object operations and interactions using a human readable Domain Specific Language (DSL). Designed as a drop in alternative to PHPUnit's phpunit-mock-objects library, Mockery is easy to integrate with PHPUnit and can operate alongside phpunit-mock-objects without the World ending.",
            "homepage": "http://github.com/padraic/mockery",
            "keywords": [
                "BDD",
                "TDD",
                "library",
                "mock",
                "mock objects",
                "mockery",
                "stub",
                "test",
                "test double",
                "testing"
            ],
            "time": "2017-02-28 12:52:32"
        },
        {
            "name": "phpunit/php-code-coverage",
            "version": "2.0.17",
            "source": {
                "type": "git",
                "url": "https://github.com/sebastianbergmann/php-code-coverage.git",
                "reference": "c4e8e7725e351184a76544634855b8a9c405a6e3"
            },
            "dist": {
                "type": "tar",
                "url": "http://devrepo.shd.ci.nonprod.dvsa.aws/dist/phpunit-php-code-coverage-c4e8e7725e351184a76544634855b8a9c405a6e3-zip-c6dcaf.tar",
                "reference": "c4e8e7725e351184a76544634855b8a9c405a6e3",
                "shasum": "b4f7a5e736971340c269aed45514c6249f54dd2e"
            },
            "require": {
                "php": ">=5.3.3",
                "phpunit/php-file-iterator": "~1.3",
                "phpunit/php-text-template": "~1.2",
                "phpunit/php-token-stream": "~1.3",
                "sebastian/environment": "~1.0",
                "sebastian/version": "~1.0"
            },
            "require-dev": {
                "ext-xdebug": ">=2.1.4",
                "phpunit/phpunit": "~4"
            },
            "suggest": {
                "ext-dom": "*",
                "ext-xdebug": ">=2.2.1",
                "ext-xmlwriter": "*"
            },
            "type": "library",
            "extra": {
                "branch-alias": {
                    "dev-master": "2.0.x-dev"
                }
            },
            "autoload": {
                "classmap": [
                    "src/"
                ]
            },
            "notification-url": "https://packagist.org/downloads/",
            "license": [
                "BSD-3-Clause"
            ],
            "authors": [
                {
                    "name": "Sebastian Bergmann",
                    "email": "sb@sebastian-bergmann.de",
                    "role": "lead"
                }
            ],
            "description": "Library that provides collection, processing, and rendering functionality for PHP code coverage information.",
            "homepage": "https://github.com/sebastianbergmann/php-code-coverage",
            "keywords": [
                "coverage",
                "testing",
                "xunit"
            ],
            "time": "2015-05-25 05:11:59"
        },
        {
            "name": "phpunit/php-file-iterator",
            "version": "1.3.4",
            "source": {
                "type": "git",
                "url": "https://github.com/sebastianbergmann/php-file-iterator.git",
                "reference": "acd690379117b042d1c8af1fafd61bde001bf6bb"
            },
            "dist": {
                "type": "tar",
                "url": "http://devrepo.shd.ci.nonprod.dvsa.aws/dist/phpunit-php-file-iterator-acd690379117b042d1c8af1fafd61bde001bf6bb-zip-831201.tar",
                "reference": "acd690379117b042d1c8af1fafd61bde001bf6bb",
                "shasum": "18116490dfcb49655051b29e4594b6415aab72b3"
            },
            "require": {
                "php": ">=5.3.3"
            },
            "type": "library",
            "autoload": {
                "classmap": [
                    "File/"
                ]
            },
            "notification-url": "https://packagist.org/downloads/",
            "include-path": [
                ""
            ],
            "license": [
                "BSD-3-Clause"
            ],
            "authors": [
                {
                    "name": "Sebastian Bergmann",
                    "email": "sb@sebastian-bergmann.de",
                    "role": "lead"
                }
            ],
            "description": "FilterIterator implementation that filters files based on a list of suffixes.",
            "homepage": "https://github.com/sebastianbergmann/php-file-iterator/",
            "keywords": [
                "filesystem",
                "iterator"
            ],
            "time": "2013-10-10 15:34:57"
        },
        {
            "name": "phpunit/php-text-template",
            "version": "1.2.1",
            "source": {
                "type": "git",
                "url": "https://github.com/sebastianbergmann/php-text-template.git",
                "reference": "31f8b717e51d9a2afca6c9f046f5d69fc27c8686"
            },
            "dist": {
                "type": "tar",
                "url": "http://devrepo.shd.ci.nonprod.dvsa.aws/dist/phpunit-php-text-template-31f8b717e51d9a2afca6c9f046f5d69fc27c8686-zip-c6bcbd.tar",
                "reference": "31f8b717e51d9a2afca6c9f046f5d69fc27c8686",
                "shasum": "fe021fc7cd878081e202335219f6abd6a2595e78"
            },
            "require": {
                "php": ">=5.3.3"
            },
            "type": "library",
            "autoload": {
                "classmap": [
                    "src/"
                ]
            },
            "notification-url": "https://packagist.org/downloads/",
            "license": [
                "BSD-3-Clause"
            ],
            "authors": [
                {
                    "name": "Sebastian Bergmann",
                    "email": "sebastian@phpunit.de",
                    "role": "lead"
                }
            ],
            "description": "Simple template engine.",
            "homepage": "https://github.com/sebastianbergmann/php-text-template/",
            "keywords": [
                "template"
            ],
            "time": "2015-06-21 13:50:34"
        },
        {
            "name": "phpunit/php-timer",
            "version": "1.0.9",
            "source": {
                "type": "git",
                "url": "https://github.com/sebastianbergmann/php-timer.git",
                "reference": "3dcf38ca72b158baf0bc245e9184d3fdffa9c46f"
            },
            "dist": {
                "type": "tar",
                "url": "http://devrepo.shd.ci.nonprod.dvsa.aws/dist/phpunit-php-timer-3dcf38ca72b158baf0bc245e9184d3fdffa9c46f-zip-c27592.tar",
                "reference": "3dcf38ca72b158baf0bc245e9184d3fdffa9c46f",
                "shasum": "7958c3cf853a06329165b3a846033dd8da861344"
            },
            "require": {
                "php": "^5.3.3 || ^7.0"
            },
            "require-dev": {
                "phpunit/phpunit": "^4.8.35 || ^5.7 || ^6.0"
            },
            "type": "library",
            "extra": {
                "branch-alias": {
                    "dev-master": "1.0-dev"
                }
            },
            "autoload": {
                "classmap": [
                    "src/"
                ]
            },
            "notification-url": "https://packagist.org/downloads/",
            "license": [
                "BSD-3-Clause"
            ],
            "authors": [
                {
                    "name": "Sebastian Bergmann",
                    "email": "sb@sebastian-bergmann.de",
                    "role": "lead"
                }
            ],
            "description": "Utility class for timing",
            "homepage": "https://github.com/sebastianbergmann/php-timer/",
            "keywords": [
                "timer"
            ],
            "time": "2017-02-26 11:10:40"
        },
        {
            "name": "phpunit/php-token-stream",
            "version": "1.4.11",
            "source": {
                "type": "git",
                "url": "https://github.com/sebastianbergmann/php-token-stream.git",
                "reference": "e03f8f67534427a787e21a385a67ec3ca6978ea7"
            },
            "dist": {
                "type": "tar",
                "url": "http://devrepo.shd.ci.nonprod.dvsa.aws/dist/phpunit-php-token-stream-e03f8f67534427a787e21a385a67ec3ca6978ea7-zip-3836d6.tar",
                "reference": "e03f8f67534427a787e21a385a67ec3ca6978ea7",
                "shasum": "5f9fea9f6d2933598a20affd8475e17c72adbecb"
            },
            "require": {
                "ext-tokenizer": "*",
                "php": ">=5.3.3"
            },
            "require-dev": {
                "phpunit/phpunit": "~4.2"
            },
            "type": "library",
            "extra": {
                "branch-alias": {
                    "dev-master": "1.4-dev"
                }
            },
            "autoload": {
                "classmap": [
                    "src/"
                ]
            },
            "notification-url": "https://packagist.org/downloads/",
            "license": [
                "BSD-3-Clause"
            ],
            "authors": [
                {
                    "name": "Sebastian Bergmann",
                    "email": "sebastian@phpunit.de"
                }
            ],
            "description": "Wrapper around PHP's tokenizer extension.",
            "homepage": "https://github.com/sebastianbergmann/php-token-stream/",
            "keywords": [
                "tokenizer"
            ],
            "time": "2017-02-27 10:12:30"
        },
        {
            "name": "phpunit/phpunit",
            "version": "4.0.20",
            "source": {
                "type": "git",
                "url": "https://github.com/sebastianbergmann/phpunit.git",
                "reference": "de121ce8708b7ac7f628603d7682d0d57f528345"
            },
            "dist": {
                "type": "tar",
                "url": "http://devrepo.shd.ci.nonprod.dvsa.aws/dist/phpunit-phpunit-de121ce8708b7ac7f628603d7682d0d57f528345-zip-1d702b.tar",
                "reference": "de121ce8708b7ac7f628603d7682d0d57f528345",
                "shasum": "f13808ad93188a70889740abbee275295134ced6"
            },
            "require": {
                "ext-dom": "*",
                "ext-json": "*",
                "ext-pcre": "*",
                "ext-reflection": "*",
                "ext-spl": "*",
                "php": ">=5.3.3",
                "phpunit/php-code-coverage": ">=2.0.0,<2.1.0",
                "phpunit/php-file-iterator": "~1.3.1",
                "phpunit/php-text-template": "~1.2",
                "phpunit/php-timer": "~1.0.2",
                "phpunit/phpunit-mock-objects": ">=2.0.0,<2.1.0",
                "sebastian/diff": "~1.1",
                "sebastian/environment": "~1.0",
                "sebastian/exporter": "~1.0.1",
                "sebastian/version": "~1.0.3",
                "symfony/yaml": "~2.0"
            },
            "suggest": {
                "phpunit/php-invoker": "~1.1"
            },
            "bin": [
                "phpunit"
            ],
            "type": "library",
            "extra": {
                "branch-alias": {
                    "dev-master": "4.0.x-dev"
                }
            },
            "autoload": {
                "classmap": [
                    "src/"
                ]
            },
            "notification-url": "https://packagist.org/downloads/",
            "include-path": [
                "",
                "../../symfony/yaml/"
            ],
            "license": [
                "BSD-3-Clause"
            ],
            "authors": [
                {
                    "name": "Sebastian Bergmann",
                    "email": "sebastian@phpunit.de",
                    "role": "lead"
                }
            ],
            "description": "The PHP Unit Testing framework.",
            "homepage": "http://www.phpunit.de/",
            "keywords": [
                "phpunit",
                "testing",
                "xunit"
            ],
            "time": "2014-05-02 07:19:37"
        },
        {
            "name": "phpunit/phpunit-mock-objects",
            "version": "2.0.10",
            "source": {
                "type": "git",
                "url": "https://github.com/sebastianbergmann/phpunit-mock-objects.git",
                "reference": "e60bb929c50ae4237aaf680a4f6773f4ee17f0a2"
            },
            "dist": {
                "type": "tar",
                "url": "http://devrepo.shd.ci.nonprod.dvsa.aws/dist/phpunit-phpunit-mock-objects-e60bb929c50ae4237aaf680a4f6773f4ee17f0a2-zip-d881a2.tar",
                "reference": "e60bb929c50ae4237aaf680a4f6773f4ee17f0a2",
                "shasum": "6777eb6697a78c25b03f616c3a480645df762228"
            },
            "require": {
                "php": ">=5.3.3",
                "phpunit/php-text-template": "~1.2"
            },
            "require-dev": {
                "phpunit/phpunit": ">=4.0.0,<4.1.0"
            },
            "suggest": {
                "ext-soap": "*"
            },
            "type": "library",
            "extra": {
                "branch-alias": {
                    "dev-master": "2.0.x-dev"
                }
            },
            "autoload": {
                "classmap": [
                    "src/"
                ]
            },
            "notification-url": "https://packagist.org/downloads/",
            "include-path": [
                ""
            ],
            "license": [
                "BSD-3-Clause"
            ],
            "authors": [
                {
                    "name": "Sebastian Bergmann",
                    "email": "sb@sebastian-bergmann.de",
                    "role": "lead"
                }
            ],
            "description": "Mock Object library for PHPUnit",
            "homepage": "https://github.com/sebastianbergmann/phpunit-mock-objects/",
            "keywords": [
                "mock",
                "xunit"
            ],
            "time": "2014-06-12 07:19:48"
        },
        {
            "name": "sebastian/diff",
            "version": "1.4.3",
            "source": {
                "type": "git",
                "url": "https://github.com/sebastianbergmann/diff.git",
                "reference": "7f066a26a962dbe58ddea9f72a4e82874a3975a4"
            },
            "dist": {
                "type": "tar",
                "url": "http://devrepo.shd.ci.nonprod.dvsa.aws/dist/sebastian-diff-7f066a26a962dbe58ddea9f72a4e82874a3975a4-zip-92da4d.tar",
                "reference": "7f066a26a962dbe58ddea9f72a4e82874a3975a4",
                "shasum": "4bf739db7061eba0ec042685f23b6a9a0eb24745"
            },
            "require": {
                "php": "^5.3.3 || ^7.0"
            },
            "require-dev": {
                "phpunit/phpunit": "^4.8.35 || ^5.7 || ^6.0"
            },
            "type": "library",
            "extra": {
                "branch-alias": {
                    "dev-master": "1.4-dev"
                }
            },
            "autoload": {
                "classmap": [
                    "src/"
                ]
            },
            "notification-url": "https://packagist.org/downloads/",
            "license": [
                "BSD-3-Clause"
            ],
            "authors": [
                {
                    "name": "Kore Nordmann",
                    "email": "mail@kore-nordmann.de"
                },
                {
                    "name": "Sebastian Bergmann",
                    "email": "sebastian@phpunit.de"
                }
            ],
            "description": "Diff implementation",
            "homepage": "https://github.com/sebastianbergmann/diff",
            "keywords": [
                "diff"
            ],
            "time": "2017-05-22 07:24:03"
        },
        {
            "name": "sebastian/environment",
            "version": "1.3.8",
            "source": {
                "type": "git",
                "url": "https://github.com/sebastianbergmann/environment.git",
                "reference": "be2c607e43ce4c89ecd60e75c6a85c126e754aea"
            },
            "dist": {
                "type": "tar",
                "url": "http://devrepo.shd.ci.nonprod.dvsa.aws/dist/sebastian-environment-be2c607e43ce4c89ecd60e75c6a85c126e754aea-zip-edab34.tar",
                "reference": "be2c607e43ce4c89ecd60e75c6a85c126e754aea",
                "shasum": "b8efb9b586f32cf6552259fe61dae70613801824"
            },
            "require": {
                "php": "^5.3.3 || ^7.0"
            },
            "require-dev": {
                "phpunit/phpunit": "^4.8 || ^5.0"
            },
            "type": "library",
            "extra": {
                "branch-alias": {
                    "dev-master": "1.3.x-dev"
                }
            },
            "autoload": {
                "classmap": [
                    "src/"
                ]
            },
            "notification-url": "https://packagist.org/downloads/",
            "license": [
                "BSD-3-Clause"
            ],
            "authors": [
                {
                    "name": "Sebastian Bergmann",
                    "email": "sebastian@phpunit.de"
                }
            ],
            "description": "Provides functionality to handle HHVM/PHP environments",
            "homepage": "http://www.github.com/sebastianbergmann/environment",
            "keywords": [
                "Xdebug",
                "environment",
                "hhvm"
            ],
            "time": "2016-08-18 05:49:44"
        },
        {
            "name": "sebastian/exporter",
            "version": "1.0.2",
            "source": {
                "type": "git",
                "url": "https://github.com/sebastianbergmann/exporter.git",
                "reference": "c7d59948d6e82818e1bdff7cadb6c34710eb7dc0"
            },
            "dist": {
                "type": "tar",
                "url": "http://devrepo.shd.ci.nonprod.dvsa.aws/dist/sebastian-exporter-c7d59948d6e82818e1bdff7cadb6c34710eb7dc0-zip-a859f0.tar",
                "reference": "c7d59948d6e82818e1bdff7cadb6c34710eb7dc0",
                "shasum": "0943e318cbd5e042b213240222e9c5b819954d1f"
            },
            "require": {
                "php": ">=5.3.3"
            },
            "require-dev": {
                "phpunit/phpunit": "~4.0"
            },
            "type": "library",
            "extra": {
                "branch-alias": {
                    "dev-master": "1.0.x-dev"
                }
            },
            "autoload": {
                "classmap": [
                    "src/"
                ]
            },
            "notification-url": "https://packagist.org/downloads/",
            "license": [
                "BSD-3-Clause"
            ],
            "authors": [
                {
                    "name": "Jeff Welch",
                    "email": "whatthejeff@gmail.com"
                },
                {
                    "name": "Volker Dusch",
                    "email": "github@wallbash.com"
                },
                {
                    "name": "Bernhard Schussek",
                    "email": "bschussek@2bepublished.at"
                },
                {
                    "name": "Sebastian Bergmann",
                    "email": "sebastian@phpunit.de"
                },
                {
                    "name": "Adam Harvey",
                    "email": "aharvey@php.net"
                }
            ],
            "description": "Provides the functionality to export PHP variables for visualization",
            "homepage": "http://www.github.com/sebastianbergmann/exporter",
            "keywords": [
                "export",
                "exporter"
            ],
            "time": "2014-09-10 00:51:36"
        },
        {
            "name": "sebastian/version",
            "version": "1.0.6",
            "source": {
                "type": "git",
                "url": "https://github.com/sebastianbergmann/version.git",
                "reference": "58b3a85e7999757d6ad81c787a1fbf5ff6c628c6"
            },
            "dist": {
                "type": "tar",
                "url": "http://devrepo.shd.ci.nonprod.dvsa.aws/dist/sebastian-version-58b3a85e7999757d6ad81c787a1fbf5ff6c628c6-zip-8093ed.tar",
                "reference": "58b3a85e7999757d6ad81c787a1fbf5ff6c628c6",
                "shasum": "6bb455c2af2a29475e618ed3e04696cdc5cb2ff0"
            },
            "type": "library",
            "autoload": {
                "classmap": [
                    "src/"
                ]
            },
            "notification-url": "https://packagist.org/downloads/",
            "license": [
                "BSD-3-Clause"
            ],
            "authors": [
                {
                    "name": "Sebastian Bergmann",
                    "email": "sebastian@phpunit.de",
                    "role": "lead"
                }
            ],
            "description": "Library that helps with managing the version number of Git-hosted PHP projects",
            "homepage": "https://github.com/sebastianbergmann/version",
            "time": "2015-06-21 13:59:46"
        },
        {
            "name": "squizlabs/php_codesniffer",
            "version": "1.5.3",
            "source": {
                "type": "git",
                "url": "https://github.com/squizlabs/PHP_CodeSniffer.git",
                "reference": "396178ada8499ec492363587f037125bf7b07fcc"
            },
            "dist": {
                "type": "tar",
                "url": "http://devrepo.shd.ci.nonprod.dvsa.aws/dist/squizlabs-php_codesniffer-396178ada8499ec492363587f037125bf7b07fcc-zip-e67a29.tar",
                "reference": "396178ada8499ec492363587f037125bf7b07fcc",
                "shasum": "43851fec3d69c3e84c458a4ebac636da702d6a0b"
            },
            "require": {
                "ext-tokenizer": "*",
                "php": ">=5.1.2"
            },
            "suggest": {
                "phpunit/php-timer": "dev-master"
            },
            "bin": [
                "scripts/phpcs"
            ],
            "type": "library",
            "extra": {
                "branch-alias": {
                    "dev-phpcs-fixer": "2.0.x-dev"
                }
            },
            "autoload": {
                "classmap": [
                    "CodeSniffer.php",
                    "CodeSniffer/CLI.php",
                    "CodeSniffer/Exception.php",
                    "CodeSniffer/File.php",
                    "CodeSniffer/Report.php",
                    "CodeSniffer/Reporting.php",
                    "CodeSniffer/Sniff.php",
                    "CodeSniffer/Tokens.php",
                    "CodeSniffer/Reports/",
                    "CodeSniffer/CommentParser/",
                    "CodeSniffer/Tokenizers/",
                    "CodeSniffer/DocGenerators/",
                    "CodeSniffer/Standards/AbstractPatternSniff.php",
                    "CodeSniffer/Standards/AbstractScopeSniff.php",
                    "CodeSniffer/Standards/AbstractVariableSniff.php",
                    "CodeSniffer/Standards/IncorrectPatternException.php",
                    "CodeSniffer/Standards/Generic/Sniffs/",
                    "CodeSniffer/Standards/MySource/Sniffs/",
                    "CodeSniffer/Standards/PEAR/Sniffs/",
                    "CodeSniffer/Standards/PSR1/Sniffs/",
                    "CodeSniffer/Standards/PSR2/Sniffs/",
                    "CodeSniffer/Standards/Squiz/Sniffs/",
                    "CodeSniffer/Standards/Zend/Sniffs/"
                ]
            },
            "notification-url": "https://packagist.org/downloads/",
            "license": [
                "BSD-3-Clause"
            ],
            "authors": [
                {
                    "name": "Greg Sherwood",
                    "role": "lead"
                }
            ],
            "description": "PHP_CodeSniffer tokenises PHP, JavaScript and CSS files and detects violations of a defined set of coding standards.",
            "homepage": "http://www.squizlabs.com/php-codesniffer",
            "keywords": [
                "phpcs",
                "standards"
            ],
            "time": "2014-05-01 03:07:07"
        },
        {
            "name": "symfony/yaml",
            "version": "v2.8.27",
            "source": {
                "type": "git",
                "url": "https://github.com/symfony/yaml.git",
                "reference": "4c29dec8d489c4e37cf87ccd7166cd0b0e6a45c5"
            },
            "dist": {
                "type": "tar",
                "url": "http://devrepo.shd.ci.nonprod.dvsa.aws/dist/symfony-yaml-4c29dec8d489c4e37cf87ccd7166cd0b0e6a45c5-zip-aedf39.tar",
                "reference": "4c29dec8d489c4e37cf87ccd7166cd0b0e6a45c5",
                "shasum": "eadf73717c4db7580e897aeae4318c87795d1aad"
            },
            "require": {
                "php": ">=5.3.9"
            },
            "type": "library",
            "extra": {
                "branch-alias": {
                    "dev-master": "2.8-dev"
                }
            },
            "autoload": {
                "psr-4": {
                    "Symfony\\Component\\Yaml\\": ""
                },
                "exclude-from-classmap": [
                    "/Tests/"
                ]
            },
            "notification-url": "https://packagist.org/downloads/",
            "license": [
                "MIT"
            ],
            "authors": [
                {
                    "name": "Fabien Potencier",
                    "email": "fabien@symfony.com"
                },
                {
                    "name": "Symfony Community",
                    "homepage": "https://symfony.com/contributors"
                }
            ],
            "description": "Symfony Yaml Component",
            "homepage": "https://symfony.com",
            "time": "2017-06-01 20:52:29"
        }
    ],
    "aliases": [],
    "minimum-stability": "stable",
    "stability-flags": [],
    "prefer-stable": false,
    "prefer-lowest": false,
    "platform": {
        "php": ">=5.4"
    },
    "platform-dev": []
}
